
Microsoft Visual Studio Solution File, Format Version 12.00
# Visual Studio Version 16
VisualStudioVersion = 16.0.31205.134
MinimumVisualStudioVersion = 10.0.40219.1
Project("{FAE04EC0-301F-11D3-BF4B-00C04F79EFBC}") = "AisParserTest", "AisParserTest\AisParserTest.csproj", "{1A3F7D12-4A17-42EF-AE6E-2FB4AB9E08A6}"
EndProject
Project("{FAE04EC0-301F-11D3-BF4B-00C04F79EFBC}") = "AIStoEarth", "AIStoEarth\AIStoEarth.csproj", "{61711E67-E416-4709-8EEC-C35057648D39}"
EndProject
Project("{888888A0-9F3D-457C-B088-3A5042F75D52}") = "PythonAIS", "PythonAIS\PythonAIS.pyproj", "{505D7A37-DE6F-465B-A188-C69A6B4E1EB2}"
EndProject
Project("{FAE04EC0-301F-11D3-BF4B-00C04F79EFBC}") = "JSONtoEarth", "JSONtoEarth\JSONtoEarth.csproj", "{17CAF718-6DF4-46DF-8EED-80611828C332}"
EndProject
Project("{FAE04EC0-301F-11D3-BF4B-00C04F79EFBC}") = "AIStoFile", "AIStoFile\AIStoFile.csproj", "{32746087-FA22-4E91-AF24-4AE6DB235460}"
EndProject
Project("{9A19103F-16F7-4668-BE54-9A1E7A4F7556}") = "AISPI", "AISPI\AISPI.csproj", "{1C8D2992-45AB-4DEE-B1FB-9B3DF56D0A4E}"
EndProject
Project("{FAE04EC0-301F-11D3-BF4B-00C04F79EFBC}") = "JSONtoPostgreSQL", "JSONtoPostgreSQL\JSONtoPostgreSQL.csproj", "{D45E63E2-AC25-4129-B566-C5FFFF99BFED}"
EndProject
Project("{FAE04EC0-301F-11D3-BF4B-00C04F79EFBC}") = "Launcher", "Launcher\Launcher.csproj", "{B9CC4A04-3CF1-4638-8530-305C66337CFC}"
EndProject
Project("{FAE04EC0-301F-11D3-BF4B-00C04F79EFBC}") = "TEST", "TEST\TEST.csproj", "{65FEB925-5521-466D-B90C-AA3DCA92C6F1}"
EndProject
Project("{9A19103F-16F7-4668-BE54-9A1E7A4F7556}") = "CAIS", "CAIS\CAIS.csproj", "{7BCC7A9F-AC1E-42EC-A97D-34B339BD35CA}"
EndProject
Project("{FAE04EC0-301F-11D3-BF4B-00C04F79EFBC}") = "test2", "test2\test2.csproj", "{B81CB6CF-BA4C-45BC-ADB1-D84F308E1B9B}"
EndProject
Project("{9A19103F-16F7-4668-BE54-9A1E7A4F7556}") = "FileToAIS", "FileToAIS\FileToAIS.csproj", "{8905922D-556F-427A-9EE5-D4E1220436AC}"
EndProject
Project("{9A19103F-16F7-4668-BE54-9A1E7A4F7556}") = "test3", "test3\test3.csproj", "{73CE6CC7-6868-46E3-BFCF-EEDECE8A2A36}"
EndProject
Global
	GlobalSection(SolutionConfigurationPlatforms) = preSolution
		Debug|Any CPU = Debug|Any CPU
		Debug1|Any CPU = Debug1|Any CPU
		Release ARM64|Any CPU = Release ARM64|Any CPU
		Release|Any CPU = Release|Any CPU
	EndGlobalSection
	GlobalSection(ProjectConfigurationPlatforms) = postSolution
		{1A3F7D12-4A17-42EF-AE6E-2FB4AB9E08A6}.Debug|Any CPU.ActiveCfg = Debug|Any CPU
		{1A3F7D12-4A17-42EF-AE6E-2FB4AB9E08A6}.Debug|Any CPU.Build.0 = Debug|Any CPU
		{1A3F7D12-4A17-42EF-AE6E-2FB4AB9E08A6}.Debug1|Any CPU.ActiveCfg = Debug|Any CPU
		{1A3F7D12-4A17-42EF-AE6E-2FB4AB9E08A6}.Debug1|Any CPU.Build.0 = Debug|Any CPU
		{1A3F7D12-4A17-42EF-AE6E-2FB4AB9E08A6}.Release ARM64|Any CPU.ActiveCfg = Release|Any CPU
		{1A3F7D12-4A17-42EF-AE6E-2FB4AB9E08A6}.Release ARM64|Any CPU.Build.0 = Release|Any CPU
		{1A3F7D12-4A17-42EF-AE6E-2FB4AB9E08A6}.Release|Any CPU.ActiveCfg = Release|Any CPU
		{1A3F7D12-4A17-42EF-AE6E-2FB4AB9E08A6}.Release|Any CPU.Build.0 = Release|Any CPU
		{61711E67-E416-4709-8EEC-C35057648D39}.Debug|Any CPU.ActiveCfg = Debug|Any CPU
		{61711E67-E416-4709-8EEC-C35057648D39}.Debug|Any CPU.Build.0 = Debug|Any CPU
		{61711E67-E416-4709-8EEC-C35057648D39}.Debug1|Any CPU.ActiveCfg = Debug|Any CPU
		{61711E67-E416-4709-8EEC-C35057648D39}.Debug1|Any CPU.Build.0 = Debug|Any CPU
		{61711E67-E416-4709-8EEC-C35057648D39}.Release ARM64|Any CPU.ActiveCfg = Release|Any CPU
		{61711E67-E416-4709-8EEC-C35057648D39}.Release ARM64|Any CPU.Build.0 = Release|Any CPU
		{61711E67-E416-4709-8EEC-C35057648D39}.Release|Any CPU.ActiveCfg = Release|Any CPU
		{61711E67-E416-4709-8EEC-C35057648D39}.Release|Any CPU.Build.0 = Release|Any CPU
		{505D7A37-DE6F-465B-A188-C69A6B4E1EB2}.Debug|Any CPU.ActiveCfg = Debug|Any CPU
		{505D7A37-DE6F-465B-A188-C69A6B4E1EB2}.Debug1|Any CPU.ActiveCfg = Debug|Any CPU
		{505D7A37-DE6F-465B-A188-C69A6B4E1EB2}.Release ARM64|Any CPU.ActiveCfg = Release|Any CPU
		{505D7A37-DE6F-465B-A188-C69A6B4E1EB2}.Release|Any CPU.ActiveCfg = Release|Any CPU
		{17CAF718-6DF4-46DF-8EED-80611828C332}.Debug|Any CPU.ActiveCfg = Debug|Any CPU
		{17CAF718-6DF4-46DF-8EED-80611828C332}.Debug|Any CPU.Build.0 = Debug|Any CPU
		{17CAF718-6DF4-46DF-8EED-80611828C332}.Debug1|Any CPU.ActiveCfg = Debug|Any CPU
		{17CAF718-6DF4-46DF-8EED-80611828C332}.Debug1|Any CPU.Build.0 = Debug|Any CPU
		{17CAF718-6DF4-46DF-8EED-80611828C332}.Release ARM64|Any CPU.ActiveCfg = Release|Any CPU
		{17CAF718-6DF4-46DF-8EED-80611828C332}.Release ARM64|Any CPU.Build.0 = Release|Any CPU
		{17CAF718-6DF4-46DF-8EED-80611828C332}.Release|Any CPU.ActiveCfg = Release|Any CPU
		{17CAF718-6DF4-46DF-8EED-80611828C332}.Release|Any CPU.Build.0 = Release|Any CPU
		{32746087-FA22-4E91-AF24-4AE6DB235460}.Debug|Any CPU.ActiveCfg = Debug|Any CPU
		{32746087-FA22-4E91-AF24-4AE6DB235460}.Debug|Any CPU.Build.0 = Debug|Any CPU
		{32746087-FA22-4E91-AF24-4AE6DB235460}.Debug1|Any CPU.ActiveCfg = Debug|Any CPU
		{32746087-FA22-4E91-AF24-4AE6DB235460}.Debug1|Any CPU.Build.0 = Debug|Any CPU
		{32746087-FA22-4E91-AF24-4AE6DB235460}.Release ARM64|Any CPU.ActiveCfg = Release|Any CPU
		{32746087-FA22-4E91-AF24-4AE6DB235460}.Release ARM64|Any CPU.Build.0 = Release|Any CPU
		{32746087-FA22-4E91-AF24-4AE6DB235460}.Release|Any CPU.ActiveCfg = Release|Any CPU
		{32746087-FA22-4E91-AF24-4AE6DB235460}.Release|Any CPU.Build.0 = Release|Any CPU
		{1C8D2992-45AB-4DEE-B1FB-9B3DF56D0A4E}.Debug|Any CPU.ActiveCfg = Debug|Any CPU
		{1C8D2992-45AB-4DEE-B1FB-9B3DF56D0A4E}.Debug|Any CPU.Build.0 = Debug|Any CPU
		{1C8D2992-45AB-4DEE-B1FB-9B3DF56D0A4E}.Debug1|Any CPU.ActiveCfg = Debug|Any CPU
		{1C8D2992-45AB-4DEE-B1FB-9B3DF56D0A4E}.Debug1|Any CPU.Build.0 = Debug|Any CPU
		{1C8D2992-45AB-4DEE-B1FB-9B3DF56D0A4E}.Release ARM64|Any CPU.ActiveCfg = Release ARM64|Any CPU
		{1C8D2992-45AB-4DEE-B1FB-9B3DF56D0A4E}.Release ARM64|Any CPU.Build.0 = Release ARM64|Any CPU
		{1C8D2992-45AB-4DEE-B1FB-9B3DF56D0A4E}.Release|Any CPU.ActiveCfg = Release|Any CPU
		{1C8D2992-45AB-4DEE-B1FB-9B3DF56D0A4E}.Release|Any CPU.Build.0 = Release|Any CPU
		{D45E63E2-AC25-4129-B566-C5FFFF99BFED}.Debug|Any CPU.ActiveCfg = Debug|Any CPU
		{D45E63E2-AC25-4129-B566-C5FFFF99BFED}.Debug|Any CPU.Build.0 = Debug|Any CPU
		{D45E63E2-AC25-4129-B566-C5FFFF99BFED}.Debug1|Any CPU.ActiveCfg = Debug|Any CPU
		{D45E63E2-AC25-4129-B566-C5FFFF99BFED}.Debug1|Any CPU.Build.0 = Debug|Any CPU
		{D45E63E2-AC25-4129-B566-C5FFFF99BFED}.Release ARM64|Any CPU.ActiveCfg = Release|Any CPU
		{D45E63E2-AC25-4129-B566-C5FFFF99BFED}.Release ARM64|Any CPU.Build.0 = Release|Any CPU
		{D45E63E2-AC25-4129-B566-C5FFFF99BFED}.Release|Any CPU.ActiveCfg = Release|Any CPU
		{D45E63E2-AC25-4129-B566-C5FFFF99BFED}.Release|Any CPU.Build.0 = Release|Any CPU
		{B9CC4A04-3CF1-4638-8530-305C66337CFC}.Debug|Any CPU.ActiveCfg = Debug|Any CPU
		{B9CC4A04-3CF1-4638-8530-305C66337CFC}.Debug|Any CPU.Build.0 = Debug|Any CPU
		{B9CC4A04-3CF1-4638-8530-305C66337CFC}.Debug1|Any CPU.ActiveCfg = Debug|Any CPU
		{B9CC4A04-3CF1-4638-8530-305C66337CFC}.Debug1|Any CPU.Build.0 = Debug|Any CPU
		{B9CC4A04-3CF1-4638-8530-305C66337CFC}.Release ARM64|Any CPU.ActiveCfg = Release|Any CPU
		{B9CC4A04-3CF1-4638-8530-305C66337CFC}.Release ARM64|Any CPU.Build.0 = Release|Any CPU
		{B9CC4A04-3CF1-4638-8530-305C66337CFC}.Release|Any CPU.ActiveCfg = Release|Any CPU
		{B9CC4A04-3CF1-4638-8530-305C66337CFC}.Release|Any CPU.Build.0 = Release|Any CPU
		{65FEB925-5521-466D-B90C-AA3DCA92C6F1}.Debug|Any CPU.ActiveCfg = Debug|Any CPU
		{65FEB925-5521-466D-B90C-AA3DCA92C6F1}.Debug|Any CPU.Build.0 = Debug|Any CPU
		{65FEB925-5521-466D-B90C-AA3DCA92C6F1}.Debug1|Any CPU.ActiveCfg = Debug|Any CPU
		{65FEB925-5521-466D-B90C-AA3DCA92C6F1}.Release ARM64|Any CPU.ActiveCfg = Release|Any CPU
		{65FEB925-5521-466D-B90C-AA3DCA92C6F1}.Release|Any CPU.ActiveCfg = Release|Any CPU
		{65FEB925-5521-466D-B90C-AA3DCA92C6F1}.Release|Any CPU.Build.0 = Release|Any CPU
		{7BCC7A9F-AC1E-42EC-A97D-34B339BD35CA}.Debug|Any CPU.ActiveCfg = Debug|Any CPU
		{7BCC7A9F-AC1E-42EC-A97D-34B339BD35CA}.Debug|Any CPU.Build.0 = Debug|Any CPU
		{7BCC7A9F-AC1E-42EC-A97D-34B339BD35CA}.Debug1|Any CPU.ActiveCfg = Debug|Any CPU
		{7BCC7A9F-AC1E-42EC-A97D-34B339BD35CA}.Debug1|Any CPU.Build.0 = Debug|Any CPU
		{7BCC7A9F-AC1E-42EC-A97D-34B339BD35CA}.Release ARM64|Any CPU.ActiveCfg = Release|Any CPU
		{7BCC7A9F-AC1E-42EC-A97D-34B339BD35CA}.Release ARM64|Any CPU.Build.0 = Release|Any CPU
		{7BCC7A9F-AC1E-42EC-A97D-34B339BD35CA}.Release|Any CPU.ActiveCfg = Release|Any CPU
		{7BCC7A9F-AC1E-42EC-A97D-34B339BD35CA}.Release|Any CPU.Build.0 = Release|Any CPU
		{B81CB6CF-BA4C-45BC-ADB1-D84F308E1B9B}.Debug|Any CPU.ActiveCfg = Debug|Any CPU
		{B81CB6CF-BA4C-45BC-ADB1-D84F308E1B9B}.Debug|Any CPU.Build.0 = Debug|Any CPU
		{B81CB6CF-BA4C-45BC-ADB1-D84F308E1B9B}.Debug1|Any CPU.ActiveCfg = Debug|Any CPU
		{B81CB6CF-BA4C-45BC-ADB1-D84F308E1B9B}.Release ARM64|Any CPU.ActiveCfg = Release|Any CPU
		{B81CB6CF-BA4C-45BC-ADB1-D84F308E1B9B}.Release|Any CPU.ActiveCfg = Release|Any CPU
		{B81CB6CF-BA4C-45BC-ADB1-D84F308E1B9B}.Release|Any CPU.Build.0 = Release|Any CPU
		{8905922D-556F-427A-9EE5-D4E1220436AC}.Debug|Any CPU.ActiveCfg = Debug|Any CPU
		{8905922D-556F-427A-9EE5-D4E1220436AC}.Debug|Any CPU.Build.0 = Debug|Any CPU
		{8905922D-556F-427A-9EE5-D4E1220436AC}.Debug1|Any CPU.ActiveCfg = Debug1|Any CPU
		{8905922D-556F-427A-9EE5-D4E1220436AC}.Debug1|Any CPU.Build.0 = Debug1|Any CPU
		{8905922D-556F-427A-9EE5-D4E1220436AC}.Release ARM64|Any CPU.ActiveCfg = Release|Any CPU
		{8905922D-556F-427A-9EE5-D4E1220436AC}.Release ARM64|Any CPU.Build.0 = Release|Any CPU
		{8905922D-556F-427A-9EE5-D4E1220436AC}.Release|Any CPU.ActiveCfg = Release|Any CPU
		{8905922D-556F-427A-9EE5-D4E1220436AC}.Release|Any CPU.Build.0 = Release|Any CPU
		{73CE6CC7-6868-46E3-BFCF-EEDECE8A2A36}.Debug|Any CPU.ActiveCfg = Debug|Any CPU
		{73CE6CC7-6868-46E3-BFCF-EEDECE8A2A36}.Debug|Any CPU.Build.0 = Debug|Any CPU
		{73CE6CC7-6868-46E3-BFCF-EEDECE8A2A36}.Debug1|Any CPU.ActiveCfg = Debug|Any CPU
		{73CE6CC7-6868-46E3-BFCF-EEDECE8A2A36}.Debug1|Any CPU.Build.0 = Debug|Any CPU
		{73CE6CC7-6868-46E3-BFCF-EEDECE8A2A36}.Release ARM64|Any CPU.ActiveCfg = Release|Any CPU
		{73CE6CC7-6868-46E3-BFCF-EEDECE8A2A36}.Release ARM64|Any CPU.Build.0 = Release|Any CPU
		{73CE6CC7-6868-46E3-BFCF-EEDECE8A2A36}.Release|Any CPU.ActiveCfg = Release|Any CPU
		{73CE6CC7-6868-46E3-BFCF-EEDECE8A2A36}.Release|Any CPU.Build.0 = Release|Any CPU
	EndGlobalSection
	GlobalSection(SolutionProperties) = preSolution
		HideSolutionNode = FALSE
	EndGlobalSection
	GlobalSection(ExtensibilityGlobals) = postSolution
		SolutionGuid = {4C21D923-7285-4889-9684-E15AEF36D27B}
	EndGlobalSection
EndGlobal
